/eos/user/x/xgeng/workspace/HHH/CMSSW_12_5_2/src/hhh-analysis-framework/output/v34_AN_HHH6b/merge_separate_done
/eos/user/x/xgeng/workspace/HHH/CMSSW_12_5_2/src/hhh-analysis-framework/output/v34_AN_HHH6b/binning_done/ProbHHH6b_2018
/eos/user/x/xgeng/workspace/HHH/CMSSW_12_5_2/src/hhh-analysis-framework/output/v34_AN_HHH6b/binning_done/ProbHHH6b_2017
/eos/user/x/xgeng/workspace/HHH/CMSSW_12_5_2/src/hhh-analysis-framework/output/v34_AN_HHH6b/hadd_v33_new_3Higgs_done
/eos/user/x/xgeng/workspace/HHH/CMSSW_12_5_2/src/hhh-analysis-framework/output/v34_AN_HHH6b/binning_done/ProbHHH6b_2016APV
/eos/user/x/xgeng/workspace/HHH/CMSSW_12_5_2/src/hhh-analysis-framework/output/v34_AN_HHH6b/skimmed_done
/eos/user/x/xgeng/workspace/HHH/CMSSW_12_5_2/src/hhh-analysis-framework/output/v34_AN_HHH6b/hadd_v33_new_2Higgs_done
/eos/user/x/xgeng/workspace/HHH/CMSSW_12_5_2/src/hhh-analysis-framework/output/v34_AN_HHH6b/binning_done/ProbHHH6b_2016
/eos/user/x/xgeng/workspace/HHH/CMSSW_12_5_2/src/hhh-analysis-framework/output/v34_AN_HHH6b/Correction_Asymeric_done
/eos/user/x/xgeng/workspace/HHH/CMSSW_12_5_2/src/hhh-analysis-framework/output/v34_AN_HHH6b/hadd_v33_new_done
